<?xml version="1.0" encoding="utf-8"?>
<Project ToolsVersion="4.0" xmlns="http://schemas.microsoft.com/developer/msbuild/2003">
  <ItemGroup>
    <Filter Include="Pika">
      <UniqueIdentifier>{AABA8A7C-96F1-8B0D-3FDE-71102BF4070F}</UniqueIdentifier>
    </Filter>
    <Filter Include="Pika\Core">
      <UniqueIdentifier>{42195552-AE83-09C9-F7C1-BA6E636BE71D}</UniqueIdentifier>
    </Filter>
    <Filter Include="Pika\Events">
      <UniqueIdentifier>{4E832241-BA38-9B36-432D-950DAFE1913A}</UniqueIdentifier>
    </Filter>
    <Filter Include="Pika\ImGui">
      <UniqueIdentifier>{5407639D-40BF-A4EA-A9C6-7D46959D3FDB}</UniqueIdentifier>
    </Filter>
    <Filter Include="Pika\Platform">
      <UniqueIdentifier>{3E96EE2F-AA56-6A66-7391-B3E3DF10AF42}</UniqueIdentifier>
    </Filter>
    <Filter Include="Pika\Platform\Windows">
      <UniqueIdentifier>{789E55E4-E40A-11DF-ADFE-A83C192A3347}</UniqueIdentifier>
    </Filter>
  </ItemGroup>
  <ItemGroup>
    <ClInclude Include="src\Pika.h" />
    <ClInclude Include="src\Pika\Core\Application.h">
      <Filter>Pika\Core</Filter>
    </ClInclude>
    <ClInclude Include="src\Pika\Core\Core.h">
      <Filter>Pika\Core</Filter>
    </ClInclude>
    <ClInclude Include="src\Pika\Core\EntryPoint.h">
      <Filter>Pika\Core</Filter>
    </ClInclude>
    <ClInclude Include="src\Pika\Core\Layer.h">
      <Filter>Pika\Core</Filter>
    </ClInclude>
    <ClInclude Include="src\Pika\Core\LayerStack.h">
      <Filter>Pika\Core</Filter>
    </ClInclude>
    <ClInclude Include="src\Pika\Core\Log.h">
      <Filter>Pika\Core</Filter>
    </ClInclude>
    <ClInclude Include="src\Pika\Core\Window.h">
      <Filter>Pika\Core</Filter>
    </ClInclude>
    <ClInclude Include="src\Pika\Events\ApplicationEvent.h">
      <Filter>Pika\Events</Filter>
    </ClInclude>
    <ClInclude Include="src\Pika\Events\Event.h">
      <Filter>Pika\Events</Filter>
    </ClInclude>
    <ClInclude Include="src\Pika\Events\KeyboardEvent.h">
      <Filter>Pika\Events</Filter>
    </ClInclude>
    <ClInclude Include="src\Pika\Events\MouseEvent.h">
      <Filter>Pika\Events</Filter>
    </ClInclude>
    <ClInclude Include="src\Pika\ImGui\ImGuiLayer.h">
      <Filter>Pika\ImGui</Filter>
    </ClInclude>
    <ClInclude Include="src\Pika\Platform\Windows\WindowsWindow.h">
      <Filter>Pika\Platform\Windows</Filter>
    </ClInclude>
    <ClInclude Include="src\pkpch.h" />
    <ClInclude Include="src\Pika\Platform\OpenGL\imgui_impl_opengl3.h" />
    <ClInclude Include="src\Pika\Platform\OpenGL\imgui_impl_opengl3_loader.h" />
    <ClInclude Include="src\Pika\Platform\OpenGL\imgui_impl_glfw.h" />
  </ItemGroup>
  <ItemGroup>
    <ClCompile Include="src\Pika\Core\Application.cpp">
      <Filter>Pika\Core</Filter>
    </ClCompile>
    <ClCompile Include="src\Pika\Core\Layer.cpp">
      <Filter>Pika\Core</Filter>
    </ClCompile>
    <ClCompile Include="src\Pika\Core\LayerStack.cpp">
      <Filter>Pika\Core</Filter>
    </ClCompile>
    <ClCompile Include="src\Pika\Core\Log.cpp">
      <Filter>Pika\Core</Filter>
    </ClCompile>
    <ClCompile Include="src\Pika\ImGui\ImGuiLayer.cpp">
      <Filter>Pika\ImGui</Filter>
    </ClCompile>
    <ClCompile Include="src\Pika\Platform\Windows\WindowsWindow.cpp">
      <Filter>Pika\Platform\Windows</Filter>
    </ClCompile>
    <ClCompile Include="src\pkpch.cpp" />
    <ClCompile Include="src\Pika\Platform\OpenGL\imgui_impl_opengl3.cpp" />
    <ClCompile Include="src\Pika\Platform\OpenGL\imgui_impl_glfw.cpp" />
  </ItemGroup>
</Project>