<?xml version="1.0" encoding="utf-8"?>
<Project ToolsVersion="4.0" xmlns="http://schemas.microsoft.com/developer/msbuild/2003">
  <ItemGroup>
    <Filter Include="Pika">
      <UniqueIdentifier>{AABA8A7C-96F1-8B0D-3FDE-71102BF4070F}</UniqueIdentifier>
    </Filter>
  </ItemGroup>
  <ItemGroup>
    <ClInclude Include="src\Pika.h" />
    <ClInclude Include="src\Pika\Application.h">
      <Filter>Pika</Filter>
    </ClInclude>
    <ClInclude Include="src\Pika\Core.h">
      <Filter>Pika</Filter>
    </ClInclude>
    <ClInclude Include="src\Pika\EntryPoint.h">
      <Filter>Pika</Filter>
    </ClInclude>
    <ClInclude Include="src\Pika\Log.h">
      <Filter>Pika</Filter>
    </ClInclude>
  </ItemGroup>
  <ItemGroup>
    <ClCompile Include="src\Pika\Application.cpp">
      <Filter>Pika</Filter>
    </ClCompile>
    <ClCompile Include="src\Pika\Log.cpp">
      <Filter>Pika</Filter>
    </ClCompile>
  </ItemGroup>
</Project>